// !$*UTF8*$!
{
	archiveVersion = 1;
	classes = {
	};
	objectVersion = 51;
	objects = {

/* Begin PBXBuildFile section */
		B108950D23D0351200B16266 /* SearchViewController.swift in Sources */ = {isa = PBXBuildFile; fileRef = B108950C23D0351200B16266 /* SearchViewController.swift */; };
		B108950F23D0423600B16266 /* SearchedResultTableViewCell.swift in Sources */ = {isa = PBXBuildFile; fileRef = B108950E23D0423600B16266 /* SearchedResultTableViewCell.swift */; };
		B11B135B23D1EE4E008AEACA /* OnlyTopRatedMoviesViewController.swift in Sources */ = {isa = PBXBuildFile; fileRef = B11B135A23D1EE4E008AEACA /* OnlyTopRatedMoviesViewController.swift */; };
		B11C247323CF1EE2006CE6F7 /* LandingViewController.swift in Sources */ = {isa = PBXBuildFile; fileRef = B11C247223CF1EE2006CE6F7 /* LandingViewController.swift */; };
		B11C247523CF2079006CE6F7 /* RootTabBarViewController.swift in Sources */ = {isa = PBXBuildFile; fileRef = B11C247423CF2079006CE6F7 /* RootTabBarViewController.swift */; };
		B120FA2323CD8118008A2092 /* TopRatedCollectionViewCell.swift in Sources */ = {isa = PBXBuildFile; fileRef = B120FA2223CD8118008A2092 /* TopRatedCollectionViewCell.swift */; };
		B120FA2523CD82E8008A2092 /* TopRatedViewController.swift in Sources */ = {isa = PBXBuildFile; fileRef = B120FA2423CD82E8008A2092 /* TopRatedViewController.swift */; };
		B120FA2723CD8423008A2092 /* TopRatedTrendingTableViewCell.swift in Sources */ = {isa = PBXBuildFile; fileRef = B120FA2623CD8423008A2092 /* TopRatedTrendingTableViewCell.swift */; };
		B120FA2A23CD990C008A2092 /* PopularTableViewCell.swift in Sources */ = {isa = PBXBuildFile; fileRef = B120FA2923CD990C008A2092 /* PopularTableViewCell.swift */; };
		B120FA2C23CD9993008A2092 /* PopularCollectionViewCell.swift in Sources */ = {isa = PBXBuildFile; fileRef = B120FA2B23CD9993008A2092 /* PopularCollectionViewCell.swift */; };
		B1B1631A23CC3F9400A8038D /* AppDelegate.swift in Sources */ = {isa = PBXBuildFile; fileRef = B1B1631923CC3F9400A8038D /* AppDelegate.swift */; };
		B1B1631C23CC3F9400A8038D /* ViewController.swift in Sources */ = {isa = PBXBuildFile; fileRef = B1B1631B23CC3F9400A8038D /* ViewController.swift */; };
		B1B1631F23CC3F9400A8038D /* Main.storyboard in Resources */ = {isa = PBXBuildFile; fileRef = B1B1631D23CC3F9400A8038D /* Main.storyboard */; };
		B1B1632223CC3F9400A8038D /* MovieApp.xcdatamodeld in Sources */ = {isa = PBXBuildFile; fileRef = B1B1632023CC3F9400A8038D /* MovieApp.xcdatamodeld */; };
		B1B1632423CC3F9500A8038D /* Assets.xcassets in Resources */ = {isa = PBXBuildFile; fileRef = B1B1632323CC3F9500A8038D /* Assets.xcassets */; };
		B1B1632723CC3F9500A8038D /* LaunchScreen.storyboard in Resources */ = {isa = PBXBuildFile; fileRef = B1B1632523CC3F9500A8038D /* LaunchScreen.storyboard */; };
		B1B1633123CC4D2100A8038D /* Constants.swift in Sources */ = {isa = PBXBuildFile; fileRef = B1B1633023CC4D2100A8038D /* Constants.swift */; };
		B1B1633423CC4EE700A8038D /* MovieData.swift in Sources */ = {isa = PBXBuildFile; fileRef = B1B1633323CC4EE700A8038D /* MovieData.swift */; };
		B1B1633623CC549600A8038D /* APIManager.swift in Sources */ = {isa = PBXBuildFile; fileRef = B1B1633523CC549600A8038D /* APIManager.swift */; };
		B1B1633823CC759A00A8038D /* DatabaseManager.swift in Sources */ = {isa = PBXBuildFile; fileRef = B1B1633723CC759A00A8038D /* DatabaseManager.swift */; };
		B1B1633A23CC911100A8038D /* MovieDetailViewController.swift in Sources */ = {isa = PBXBuildFile; fileRef = B1B1633923CC911100A8038D /* MovieDetailViewController.swift */; };
		B1B1633C23CCA24100A8038D /* UpcomingMoviesViewController.swift in Sources */ = {isa = PBXBuildFile; fileRef = B1B1633B23CCA24100A8038D /* UpcomingMoviesViewController.swift */; };
		B1B1633E23CCA40C00A8038D /* UpcomingMoviesTableViewCell.swift in Sources */ = {isa = PBXBuildFile; fileRef = B1B1633D23CCA40C00A8038D /* UpcomingMoviesTableViewCell.swift */; };
		B1BE2B8323CDCB08007A841A /* NowPlayingCollectionViewCell.swift in Sources */ = {isa = PBXBuildFile; fileRef = B1BE2B8223CDCB08007A841A /* NowPlayingCollectionViewCell.swift */; };
		BB5F4302CB4D4327C115CA55 /* Pods_MovieApp.framework in Frameworks */ = {isa = PBXBuildFile; fileRef = E87E1F2FA99F2E4E689543CF /* Pods_MovieApp.framework */; };
/* End PBXBuildFile section */

/* Begin PBXFileReference section */
		439E1FA916E0FCEF793EE1D4 /* Pods-MovieApp.debug.xcconfig */ = {isa = PBXFileReference; includeInIndex = 1; lastKnownFileType = text.xcconfig; name = "Pods-MovieApp.debug.xcconfig"; path = "Target Support Files/Pods-MovieApp/Pods-MovieApp.debug.xcconfig"; sourceTree = "<group>"; };
		B108950C23D0351200B16266 /* SearchViewController.swift */ = {isa = PBXFileReference; lastKnownFileType = sourcecode.swift; path = SearchViewController.swift; sourceTree = "<group>"; };
		B108950E23D0423600B16266 /* SearchedResultTableViewCell.swift */ = {isa = PBXFileReference; lastKnownFileType = sourcecode.swift; path = SearchedResultTableViewCell.swift; sourceTree = "<group>"; };
		B11B135A23D1EE4E008AEACA /* OnlyTopRatedMoviesViewController.swift */ = {isa = PBXFileReference; lastKnownFileType = sourcecode.swift; path = "Only\U0010TopRatedMoviesViewController.swift"; sourceTree = "<group>"; };
		B11C247223CF1EE2006CE6F7 /* LandingViewController.swift */ = {isa = PBXFileReference; lastKnownFileType = sourcecode.swift; path = LandingViewController.swift; sourceTree = "<group>"; };
		B11C247423CF2079006CE6F7 /* RootTabBarViewController.swift */ = {isa = PBXFileReference; lastKnownFileType = sourcecode.swift; path = RootTabBarViewController.swift; sourceTree = "<group>"; };
		B120FA2223CD8118008A2092 /* TopRatedCollectionViewCell.swift */ = {isa = PBXFileReference; lastKnownFileType = sourcecode.swift; path = TopRatedCollectionViewCell.swift; sourceTree = "<group>"; };
		B120FA2423CD82E8008A2092 /* TopRatedViewController.swift */ = {isa = PBXFileReference; lastKnownFileType = sourcecode.swift; path = TopRatedViewController.swift; sourceTree = "<group>"; };
		B120FA2623CD8423008A2092 /* TopRatedTrendingTableViewCell.swift */ = {isa = PBXFileReference; lastKnownFileType = sourcecode.swift; path = TopRatedTrendingTableViewCell.swift; sourceTree = "<group>"; };
		B120FA2923CD990C008A2092 /* PopularTableViewCell.swift */ = {isa = PBXFileReference; lastKnownFileType = sourcecode.swift; path = PopularTableViewCell.swift; sourceTree = "<group>"; };
		B120FA2B23CD9993008A2092 /* PopularCollectionViewCell.swift */ = {isa = PBXFileReference; lastKnownFileType = sourcecode.swift; path = PopularCollectionViewCell.swift; sourceTree = "<group>"; };
		B1B1631623CC3F9400A8038D /* MovieApp.app */ = {isa = PBXFileReference; explicitFileType = wrapper.application; includeInIndex = 0; path = MovieApp.app; sourceTree = BUILT_PRODUCTS_DIR; };
		B1B1631923CC3F9400A8038D /* AppDelegate.swift */ = {isa = PBXFileReference; lastKnownFileType = sourcecode.swift; path = AppDelegate.swift; sourceTree = "<group>"; };
		B1B1631B23CC3F9400A8038D /* ViewController.swift */ = {isa = PBXFileReference; lastKnownFileType = sourcecode.swift; path = ViewController.swift; sourceTree = "<group>"; };
		B1B1631E23CC3F9400A8038D /* Base */ = {isa = PBXFileReference; lastKnownFileType = file.storyboard; name = Base; path = Base.lproj/Main.storyboard; sourceTree = "<group>"; };
		B1B1632123CC3F9400A8038D /* MovieApp.xcdatamodel */ = {isa = PBXFileReference; lastKnownFileType = wrapper.xcdatamodel; path = MovieApp.xcdatamodel; sourceTree = "<group>"; };
		B1B1632323CC3F9500A8038D /* Assets.xcassets */ = {isa = PBXFileReference; lastKnownFileType = folder.assetcatalog; path = Assets.xcassets; sourceTree = "<group>"; };
		B1B1632623CC3F9500A8038D /* Base */ = {isa = PBXFileReference; lastKnownFileType = file.storyboard; name = Base; path = Base.lproj/LaunchScreen.storyboard; sourceTree = "<group>"; };
		B1B1632823CC3F9500A8038D /* Info.plist */ = {isa = PBXFileReference; lastKnownFileType = text.plist.xml; path = Info.plist; sourceTree = "<group>"; };
		B1B1633023CC4D2100A8038D /* Constants.swift */ = {isa = PBXFileReference; lastKnownFileType = sourcecode.swift; path = Constants.swift; sourceTree = "<group>"; };
		B1B1633323CC4EE700A8038D /* MovieData.swift */ = {isa = PBXFileReference; lastKnownFileType = sourcecode.swift; path = MovieData.swift; sourceTree = "<group>"; };
		B1B1633523CC549600A8038D /* APIManager.swift */ = {isa = PBXFileReference; lastKnownFileType = sourcecode.swift; path = APIManager.swift; sourceTree = "<group>"; };
		B1B1633723CC759A00A8038D /* DatabaseManager.swift */ = {isa = PBXFileReference; lastKnownFileType = sourcecode.swift; path = DatabaseManager.swift; sourceTree = "<group>"; };
		B1B1633923CC911100A8038D /* MovieDetailViewController.swift */ = {isa = PBXFileReference; lastKnownFileType = sourcecode.swift; path = MovieDetailViewController.swift; sourceTree = "<group>"; };
		B1B1633B23CCA24100A8038D /* UpcomingMoviesViewController.swift */ = {isa = PBXFileReference; lastKnownFileType = sourcecode.swift; path = UpcomingMoviesViewController.swift; sourceTree = "<group>"; };
		B1B1633D23CCA40C00A8038D /* UpcomingMoviesTableViewCell.swift */ = {isa = PBXFileReference; lastKnownFileType = sourcecode.swift; path = UpcomingMoviesTableViewCell.swift; sourceTree = "<group>"; };
		B1BE2B8223CDCB08007A841A /* NowPlayingCollectionViewCell.swift */ = {isa = PBXFileReference; lastKnownFileType = sourcecode.swift; path = NowPlayingCollectionViewCell.swift; sourceTree = "<group>"; };
		E87E1F2FA99F2E4E689543CF /* Pods_MovieApp.framework */ = {isa = PBXFileReference; explicitFileType = wrapper.framework; includeInIndex = 0; path = Pods_MovieApp.framework; sourceTree = BUILT_PRODUCTS_DIR; };
		F9AEAC1ADDF1DA2E4A28C50D /* Pods-MovieApp.release.xcconfig */ = {isa = PBXFileReference; includeInIndex = 1; lastKnownFileType = text.xcconfig; name = "Pods-MovieApp.release.xcconfig"; path = "Target Support Files/Pods-MovieApp/Pods-MovieApp.release.xcconfig"; sourceTree = "<group>"; };
/* End PBXFileReference section */

/* Begin PBXFrameworksBuildPhase section */
		B1B1631323CC3F9400A8038D /* Frameworks */ = {
			isa = PBXFrameworksBuildPhase;
			buildActionMask = 2147483647;
			files = (
				BB5F4302CB4D4327C115CA55 /* Pods_MovieApp.framework in Frameworks */,
			);
			runOnlyForDeploymentPostprocessing = 0;
		};
/* End PBXFrameworksBuildPhase section */

/* Begin PBXGroup section */
		3A423A11F7A042972F73A577 /* Pods */ = {
			isa = PBXGroup;
			children = (
				439E1FA916E0FCEF793EE1D4 /* Pods-MovieApp.debug.xcconfig */,
				F9AEAC1ADDF1DA2E4A28C50D /* Pods-MovieApp.release.xcconfig */,
			);
			path = Pods;
			sourceTree = "<group>";
		};
		B108950B23D034D700B16266 /* Search */ = {
			isa = PBXGroup;
			children = (
				B108950C23D0351200B16266 /* SearchViewController.swift */,
				B108950E23D0423600B16266 /* SearchedResultTableViewCell.swift */,
			);
			path = Search;
			sourceTree = "<group>";
		};
		B11C247123CEF127006CE6F7 /* Upcoming */ = {
			isa = PBXGroup;
			children = (
				B1B1633D23CCA40C00A8038D /* UpcomingMoviesTableViewCell.swift */,
				B1B1633B23CCA24100A8038D /* UpcomingMoviesViewController.swift */,
			);
			path = Upcoming;
			sourceTree = "<group>";
		};
		B120FA2823CD98A4008A2092 /* TopRated */ = {
			isa = PBXGroup;
			children = (
				B120FA2223CD8118008A2092 /* TopRatedCollectionViewCell.swift */,
				B120FA2423CD82E8008A2092 /* TopRatedViewController.swift */,
				B120FA2623CD8423008A2092 /* TopRatedTrendingTableViewCell.swift */,
				B120FA2923CD990C008A2092 /* PopularTableViewCell.swift */,
				B120FA2B23CD9993008A2092 /* PopularCollectionViewCell.swift */,
				B11B135A23D1EE4E008AEACA /* OnlyTopRatedMoviesViewController.swift */,
			);
			path = TopRated;
			sourceTree = "<group>";
		};
		B1B1630D23CC3F9400A8038D = {
			isa = PBXGroup;
			children = (
				B1B1631823CC3F9400A8038D /* MovieApp */,
				B1B1631723CC3F9400A8038D /* Products */,
				3A423A11F7A042972F73A577 /* Pods */,
				B93393500144EDB4CA1FCDC2 /* Frameworks */,
			);
			sourceTree = "<group>";
		};
		B1B1631723CC3F9400A8038D /* Products */ = {
			isa = PBXGroup;
			children = (
				B1B1631623CC3F9400A8038D /* MovieApp.app */,
			);
			name = Products;
			sourceTree = "<group>";
		};
		B1B1631823CC3F9400A8038D /* MovieApp */ = {
			isa = PBXGroup;
			children = (
				B1B1632E23CC4CE900A8038D /* Helpers */,
				B1B1632F23CC4CFB00A8038D /* Managers */,
				B1B1633223CC4EBF00A8038D /* Model */,
				B120FA2823CD98A4008A2092 /* TopRated */,
				B11C247123CEF127006CE6F7 /* Upcoming */,
				B108950B23D034D700B16266 /* Search */,
				B1B1631923CC3F9400A8038D /* AppDelegate.swift */,
				B1B1631B23CC3F9400A8038D /* ViewController.swift */,
				B1BE2B8223CDCB08007A841A /* NowPlayingCollectionViewCell.swift */,
				B1B1633923CC911100A8038D /* MovieDetailViewController.swift */,
				B1B1631D23CC3F9400A8038D /* Main.storyboard */,
				B1B1632323CC3F9500A8038D /* Assets.xcassets */,
				B1B1632523CC3F9500A8038D /* LaunchScreen.storyboard */,
				B1B1632823CC3F9500A8038D /* Info.plist */,
				B1B1632023CC3F9400A8038D /* MovieApp.xcdatamodeld */,
				B11C247223CF1EE2006CE6F7 /* LandingViewController.swift */,
				B11C247423CF2079006CE6F7 /* RootTabBarViewController.swift */,
			);
			path = MovieApp;
			sourceTree = "<group>";
		};
		B1B1632E23CC4CE900A8038D /* Helpers */ = {
			isa = PBXGroup;
			children = (
				B1B1633023CC4D2100A8038D /* Constants.swift */,
			);
			path = Helpers;
			sourceTree = "<group>";
		};
		B1B1632F23CC4CFB00A8038D /* Managers */ = {
			isa = PBXGroup;
			children = (
				B1B1633523CC549600A8038D /* APIManager.swift */,
				B1B1633723CC759A00A8038D /* DatabaseManager.swift */,
			);
			path = Managers;
			sourceTree = "<group>";
		};
		B1B1633223CC4EBF00A8038D /* Model */ = {
			isa = PBXGroup;
			children = (
				B1B1633323CC4EE700A8038D /* MovieData.swift */,
			);
			path = Model;
			sourceTree = "<group>";
		};
		B93393500144EDB4CA1FCDC2 /* Frameworks */ = {
			isa = PBXGroup;
			children = (
				E87E1F2FA99F2E4E689543CF /* Pods_MovieApp.framework */,
			);
			name = Frameworks;
			sourceTree = "<group>";
		};
/* End PBXGroup section */

/* Begin PBXNativeTarget section */
		B1B1631523CC3F9400A8038D /* MovieApp */ = {
			isa = PBXNativeTarget;
			buildConfigurationList = B1B1632B23CC3F9500A8038D /* Build configuration list for PBXNativeTarget "MovieApp" */;
			buildPhases = (
				BB3F720A5F46B8922ECF513D /* [CP] Check Pods Manifest.lock */,
				B1B1631223CC3F9400A8038D /* Sources */,
				B1B1631323CC3F9400A8038D /* Frameworks */,
				B1B1631423CC3F9400A8038D /* Resources */,
				01CED5D392736F3C791EBA74 /* [CP] Embed Pods Frameworks */,
			);
			buildRules = (
			);
			dependencies = (
			);
			name = MovieApp;
			productName = MovieApp;
			productReference = B1B1631623CC3F9400A8038D /* MovieApp.app */;
			productType = "com.apple.product-type.application";
		};
/* End PBXNativeTarget section */

/* Begin PBXProject section */
		B1B1630E23CC3F9400A8038D /* Project object */ = {
			isa = PBXProject;
			attributes = {
				LastSwiftUpdateCheck = 1010;
				LastUpgradeCheck = 1010;
				ORGANIZATIONNAME = Thanos;
				TargetAttributes = {
					B1B1631523CC3F9400A8038D = {
						CreatedOnToolsVersion = 10.1;
					};
				};
			};
			buildConfigurationList = B1B1631123CC3F9400A8038D /* Build configuration list for PBXProject "MovieApp" */;
			compatibilityVersion = "Xcode 9.3";
			developmentRegion = en;
			hasScannedForEncodings = 0;
			knownRegions = (
				en,
				Base,
			);
			mainGroup = B1B1630D23CC3F9400A8038D;
			productRefGroup = B1B1631723CC3F9400A8038D /* Products */;
			projectDirPath = "";
			projectRoot = "";
			targets = (
				B1B1631523CC3F9400A8038D /* MovieApp */,
			);
		};
/* End PBXProject section */

/* Begin PBXResourcesBuildPhase section */
		B1B1631423CC3F9400A8038D /* Resources */ = {
			isa = PBXResourcesBuildPhase;
			buildActionMask = 2147483647;
			files = (
				B1B1632723CC3F9500A8038D /* LaunchScreen.storyboard in Resources */,
				B1B1632423CC3F9500A8038D /* Assets.xcassets in Resources */,
				B1B1631F23CC3F9400A8038D /* Main.storyboard in Resources */,
			);
			runOnlyForDeploymentPostprocessing = 0;
		};
/* End PBXResourcesBuildPhase section */

/* Begin PBXShellScriptBuildPhase section */
		01CED5D392736F3C791EBA74 /* [CP] Embed Pods Frameworks */ = {
			isa = PBXShellScriptBuildPhase;
			buildActionMask = 2147483647;
			files = (
			);
			inputFileListPaths = (
				"${PODS_ROOT}/Target Support Files/Pods-MovieApp/Pods-MovieApp-frameworks-${CONFIGURATION}-input-files.xcfilelist",
			);
			name = "[CP] Embed Pods Frameworks";
			outputFileListPaths = (
				"${PODS_ROOT}/Target Support Files/Pods-MovieApp/Pods-MovieApp-frameworks-${CONFIGURATION}-output-files.xcfilelist",
			);
			runOnlyForDeploymentPostprocessing = 0;
			shellPath = /bin/sh;
			shellScript = "\"${PODS_ROOT}/Target Support Files/Pods-MovieApp/Pods-MovieApp-frameworks.sh\"\n";
			showEnvVarsInLog = 0;
		};
		BB3F720A5F46B8922ECF513D /* [CP] Check Pods Manifest.lock */ = {
			isa = PBXShellScriptBuildPhase;
			buildActionMask = 2147483647;
			files = (
			);
			inputFileListPaths = (
			);
			inputPaths = (
				"${PODS_PODFILE_DIR_PATH}/Podfile.lock",
				"${PODS_ROOT}/Manifest.lock",
			);
			name = "[CP] Check Pods Manifest.lock";
			outputFileListPaths = (
			);
			outputPaths = (
				"$(DERIVED_FILE_DIR)/Pods-MovieApp-checkManifestLockResult.txt",
			);
			runOnlyForDeploymentPostprocessing = 0;
			shellPath = /bin/sh;
			shellScript = "diff \"${PODS_PODFILE_DIR_PATH}/Podfile.lock\" \"${PODS_ROOT}/Manifest.lock\" > /dev/null\nif [ $? != 0 ] ; then\n    # print error to STDERR\n    echo \"error: The sandbox is not in sync with the Podfile.lock. Run 'pod install' or update your CocoaPods installation.\" >&2\n    exit 1\nfi\n# This output is used by Xcode 'outputs' to avoid re-running this script phase.\necho \"SUCCESS\" > \"${SCRIPT_OUTPUT_FILE_0}\"\n";
			showEnvVarsInLog = 0;
		};
/* End PBXShellScriptBuildPhase section */

/* Begin PBXSourcesBuildPhase section */
		B1B1631223CC3F9400A8038D /* Sources */ = {
			isa = PBXSourcesBuildPhase;
			buildActionMask = 2147483647;
			files = (
				B1B1633623CC549600A8038D /* APIManager.swift in Sources */,
				B120FA2323CD8118008A2092 /* TopRatedCollectionViewCell.swift in Sources */,
				B1B1633C23CCA24100A8038D /* UpcomingMoviesViewController.swift in Sources */,
				B1B1633E23CCA40C00A8038D /* UpcomingMoviesTableViewCell.swift in Sources */,
				B108950D23D0351200B16266 /* SearchViewController.swift in Sources */,
				B1B1631C23CC3F9400A8038D /* ViewController.swift in Sources */,
				B120FA2523CD82E8008A2092 /* TopRatedViewController.swift in Sources */,
				B108950F23D0423600B16266 /* SearchedResultTableViewCell.swift in Sources */,
				B1B1631A23CC3F9400A8038D /* AppDelegate.swift in Sources */,
				B1B1632223CC3F9400A8038D /* MovieApp.xcdatamodeld in Sources */,
				B1B1633A23CC911100A8038D /* MovieDetailViewController.swift in Sources */,
				B1B1633123CC4D2100A8038D /* Constants.swift in Sources */,
				B1B1633423CC4EE700A8038D /* MovieData.swift in Sources */,
				B11B135B23D1EE4E008AEACA /* OnlyTopRatedMoviesViewController.swift in Sources */,
				B120FA2A23CD990C008A2092 /* PopularTableViewCell.swift in Sources */,
				B1BE2B8323CDCB08007A841A /* NowPlayingCollectionViewCell.swift in Sources */,
				B11C247323CF1EE2006CE6F7 /* LandingViewController.swift in Sources */,
				B120FA2C23CD9993008A2092 /* PopularCollectionViewCell.swift in Sources */,
				B1B1633823CC759A00A8038D /* DatabaseManager.swift in Sources */,
				B11C247523CF2079006CE6F7 /* RootTabBarViewController.swift in Sources */,
				B120FA2723CD8423008A2092 /* TopRatedTrendingTableViewCell.swift in Sources */,
			);
			runOnlyForDeploymentPostprocessing = 0;
		};
/* End PBXSourcesBuildPhase section */

/* Begin PBXVariantGroup section */
		B1B1631D23CC3F9400A8038D /* Main.storyboard */ = {
			isa = PBXVariantGroup;
			children = (
				B1B1631E23CC3F9400A8038D /* Base */,
			);
			name = Main.storyboard;
			sourceTree = "<group>";
		};
		B1B1632523CC3F9500A8038D /* LaunchScreen.storyboard */ = {
			isa = PBXVariantGroup;
			children = (
				B1B1632623CC3F9500A8038D /* Base */,
			);
			name = LaunchScreen.storyboard;
			sourceTree = "<group>";
		};
/* End PBXVariantGroup section */

/* Begin XCBuildConfiguration section */
		B1B1632923CC3F9500A8038D /* Debug */ = {
			isa = XCBuildConfiguration;
			buildSettings = {
				ALWAYS_SEARCH_USER_PATHS = NO;
				CLANG_ANALYZER_NONNULL = YES;
				CLANG_ANALYZER_NUMBER_OBJECT_CONVERSION = YES_AGGRESSIVE;
				CLANG_CXX_LANGUAGE_STANDARD = "gnu++14";
				CLANG_CXX_LIBRARY = "libc++";
				CLANG_ENABLE_MODULES = YES;
				CLANG_ENABLE_OBJC_ARC = YES;
				CLANG_ENABLE_OBJC_WEAK = YES;
				CLANG_WARN_BLOCK_CAPTURE_AUTORELEASING = YES;
				CLANG_WARN_BOOL_CONVERSION = YES;
				CLANG_WARN_COMMA = YES;
				CLANG_WARN_CONSTANT_CONVERSION = YES;
				CLANG_WARN_DEPRECATED_OBJC_IMPLEMENTATIONS = YES;
				CLANG_WARN_DIRECT_OBJC_ISA_USAGE = YES_ERROR;
				CLANG_WARN_DOCUMENTATION_COMMENTS = YES;
				CLANG_WARN_EMPTY_BODY = YES;
				CLANG_WARN_ENUM_CONVERSION = YES;
				CLANG_WARN_INFINITE_RECURSION = YES;
				CLANG_WARN_INT_CONVERSION = YES;
				CLANG_WARN_NON_LITERAL_NULL_CONVERSION = YES;
				CLANG_WARN_OBJC_IMPLICIT_RETAIN_SELF = YES;
				CLANG_WARN_OBJC_LITERAL_CONVERSION = YES;
				CLANG_WARN_OBJC_ROOT_CLASS = YES_ERROR;
				CLANG_WARN_RANGE_LOOP_ANALYSIS = YES;
				CLANG_WARN_STRICT_PROTOTYPES = YES;
				CLANG_WARN_SUSPICIOUS_MOVE = YES;
				CLANG_WARN_UNGUARDED_AVAILABILITY = YES_AGGRESSIVE;
				CLANG_WARN_UNREACHABLE_CODE = YES;
				CLANG_WARN__DUPLICATE_METHOD_MATCH = YES;
				CODE_SIGN_IDENTITY = "iPhone Developer";
				COPY_PHASE_STRIP = NO;
				DEBUG_INFORMATION_FORMAT = dwarf;
				ENABLE_STRICT_OBJC_MSGSEND = YES;
				ENABLE_TESTABILITY = YES;
				GCC_C_LANGUAGE_STANDARD = gnu11;
				GCC_DYNAMIC_NO_PIC = NO;
				GCC_NO_COMMON_BLOCKS = YES;
				GCC_OPTIMIZATION_LEVEL = 0;
				GCC_PREPROCESSOR_DEFINITIONS = (
					"DEBUG=1",
					"$(inherited)",
				);
				GCC_WARN_64_TO_32_BIT_CONVERSION = YES;
				GCC_WARN_ABOUT_RETURN_TYPE = YES_ERROR;
				GCC_WARN_UNDECLARED_SELECTOR = YES;
				GCC_WARN_UNINITIALIZED_AUTOS = YES_AGGRESSIVE;
				GCC_WARN_UNUSED_FUNCTION = YES;
				GCC_WARN_UNUSED_VARIABLE = YES;
				IPHONEOS_DEPLOYMENT_TARGET = 12.1;
				MTL_ENABLE_DEBUG_INFO = INCLUDE_SOURCE;
				MTL_FAST_MATH = YES;
				ONLY_ACTIVE_ARCH = YES;
				SDKROOT = iphoneos;
				SWIFT_ACTIVE_COMPILATION_CONDITIONS = DEBUG;
				SWIFT_OPTIMIZATION_LEVEL = "-Onone";
			};
			name = Debug;
		};
		B1B1632A23CC3F9500A8038D /* Release */ = {
			isa = XCBuildConfiguration;
			buildSettings = {
				ALWAYS_SEARCH_USER_PATHS = NO;
				CLANG_ANALYZER_NONNULL = YES;
				CLANG_ANALYZER_NUMBER_OBJECT_CONVERSION = YES_AGGRESSIVE;
				CLANG_CXX_LANGUAGE_STANDARD = "gnu++14";
				CLANG_CXX_LIBRARY = "libc++";
				CLANG_ENABLE_MODULES = YES;
				CLANG_ENABLE_OBJC_ARC = YES;
				CLANG_ENABLE_OBJC_WEAK = YES;
				CLANG_WARN_BLOCK_CAPTURE_AUTORELEASING = YES;
				CLANG_WARN_BOOL_CONVERSION = YES;
				CLANG_WARN_COMMA = YES;
				CLANG_WARN_CONSTANT_CONVERSION = YES;
				CLANG_WARN_DEPRECATED_OBJC_IMPLEMENTATIONS = YES;
				CLANG_WARN_DIRECT_OBJC_ISA_USAGE = YES_ERROR;
				CLANG_WARN_DOCUMENTATION_COMMENTS = YES;
				CLANG_WARN_EMPTY_BODY = YES;
				CLANG_WARN_ENUM_CONVERSION = YES;
				CLANG_WARN_INFINITE_RECURSION = YES;
				CLANG_WARN_INT_CONVERSION = YES;
				CLANG_WARN_NON_LITERAL_NULL_CONVERSION = YES;
				CLANG_WARN_OBJC_IMPLICIT_RETAIN_SELF = YES;
				CLANG_WARN_OBJC_LITERAL_CONVERSION = YES;
				CLANG_WARN_OBJC_ROOT_CLASS = YES_ERROR;
				CLANG_WARN_RANGE_LOOP_ANALYSIS = YES;
				CLANG_WARN_STRICT_PROTOTYPES = YES;
				CLANG_WARN_SUSPICIOUS_MOVE = YES;
				CLANG_WARN_UNGUARDED_AVAILABILITY = YES_AGGRESSIVE;
				CLANG_WARN_UNREACHABLE_CODE = YES;
				CLANG_WARN__DUPLICATE_METHOD_MATCH = YES;
				CODE_SIGN_IDENTITY = "iPhone Developer";
				COPY_PHASE_STRIP = NO;
				DEBUG_INFORMATION_FORMAT = "dwarf-with-dsym";
				ENABLE_NS_ASSERTIONS = NO;
				ENABLE_STRICT_OBJC_MSGSEND = YES;
				GCC_C_LANGUAGE_STANDARD = gnu11;
				GCC_NO_COMMON_BLOCKS = YES;
				GCC_WARN_64_TO_32_BIT_CONVERSION = YES;
				GCC_WARN_ABOUT_RETURN_TYPE = YES_ERROR;
				GCC_WARN_UNDECLARED_SELECTOR = YES;
				GCC_WARN_UNINITIALIZED_AUTOS = YES_AGGRESSIVE;
				GCC_WARN_UNUSED_FUNCTION = YES;
				GCC_WARN_UNUSED_VARIABLE = YES;
				IPHONEOS_DEPLOYMENT_TARGET = 12.1;
				MTL_ENABLE_DEBUG_INFO = NO;
				MTL_FAST_MATH = YES;
				SDKROOT = iphoneos;
				SWIFT_COMPILATION_MODE = wholemodule;
				SWIFT_OPTIMIZATION_LEVEL = "-O";
				VALIDATE_PRODUCT = YES;
			};
			name = Release;
		};
		B1B1632C23CC3F9500A8038D /* Debug */ = {
			isa = XCBuildConfiguration;
			baseConfigurationReference = 439E1FA916E0FCEF793EE1D4 /* Pods-MovieApp.debug.xcconfig */;
			buildSettings = {
				ASSETCATALOG_COMPILER_APPICON_NAME = AppIcon;
				CODE_SIGN_STYLE = Automatic;
				INFOPLIST_FILE = MovieApp/Info.plist;
				LD_RUNPATH_SEARCH_PATHS = (
					"$(inherited)",
					"@executable_path/Frameworks",
				);
				PRODUCT_BUNDLE_IDENTIFIER = com.iOS.Demo.MovieApp;
				PRODUCT_NAME = "$(TARGET_NAME)";
				SWIFT_VERSION = 4.2;
				TARGETED_DEVICE_FAMILY = "1,2";
			};
			name = Debug;
		};
		B1B1632D23CC3F9500A8038D /* Release */ = {
			isa = XCBuildConfiguration;
			baseConfigurationReference = F9AEAC1ADDF1DA2E4A28C50D /* Pods-MovieApp.release.xcconfig */;
			buildSettings = {
				ASSETCATALOG_COMPILER_APPICON_NAME = AppIcon;
				CODE_SIGN_STYLE = Automatic;
				INFOPLIST_FILE = MovieApp/Info.plist;
				LD_RUNPATH_SEARCH_PATHS = (
					"$(inherited)",
					"@executable_path/Frameworks",
				);
				PRODUCT_BUNDLE_IDENTIFIER = com.iOS.Demo.MovieApp;
				PRODUCT_NAME = "$(TARGET_NAME)";
				SWIFT_VERSION = 4.2;
				TARGETED_DEVICE_FAMILY = "1,2";
			};
			name = Release;
		};
/* End XCBuildConfiguration section */

/* Begin XCConfigurationList section */
		B1B1631123CC3F9400A8038D /* Build configuration list for PBXProject "MovieApp" */ = {
			isa = XCConfigurationList;
			buildConfigurations = (
				B1B1632923CC3F9500A8038D /* Debug */,
				B1B1632A23CC3F9500A8038D /* Release */,
			);
			defaultConfigurationIsVisible = 0;
			defaultConfigurationName = Release;
		};
		B1B1632B23CC3F9500A8038D /* Build configuration list for PBXNativeTarget "MovieApp" */ = {
			isa = XCConfigurationList;
			buildConfigurations = (
				B1B1632C23CC3F9500A8038D /* Debug */,
				B1B1632D23CC3F9500A8038D /* Release */,
			);
			defaultConfigurationIsVisible = 0;
			defaultConfigurationName = Release;
		};
/* End XCConfigurationList section */

/* Begin XCVersionGroup section */
		B1B1632023CC3F9400A8038D /* MovieApp.xcdatamodeld */ = {
			isa = XCVersionGroup;
			children = (
				B1B1632123CC3F9400A8038D /* MovieApp.xcdatamodel */,
			);
			currentVersion = B1B1632123CC3F9400A8038D /* MovieApp.xcdatamodel */;
			path = MovieApp.xcdatamodeld;
			sourceTree = "<group>";
			versionGroupType = wrapper.xcdatamodel;
		};
/* End XCVersionGroup section */
	};
	rootObject = B1B1630E23CC3F9400A8038D /* Project object */;
}
