// !$*UTF8*$!
{
	archiveVersion = 1;
	classes = {
	};
	objectVersion = 51;
	objects = {

/* Begin PBXBuildFile section */
		B107010B23D96686003E824B /* TopRatedMoviesWorker.swift in Sources */ = {isa = PBXBuildFile; fileRef = B107010523D96686003E824B /* TopRatedMoviesWorker.swift */; };
		B107010C23D96686003E824B /* TopRatedMoviesRouter.swift in Sources */ = {isa = PBXBuildFile; fileRef = B107010623D96686003E824B /* TopRatedMoviesRouter.swift */; };
		B107010D23D96686003E824B /* TopRatedMoviesModels.swift in Sources */ = {isa = PBXBuildFile; fileRef = B107010723D96686003E824B /* TopRatedMoviesModels.swift */; };
		B107010E23D96686003E824B /* TopRatedMoviesViewController.swift in Sources */ = {isa = PBXBuildFile; fileRef = B107010823D96686003E824B /* TopRatedMoviesViewController.swift */; };
		B107010F23D96686003E824B /* TopRatedMoviesInteractor.swift in Sources */ = {isa = PBXBuildFile; fileRef = B107010923D96686003E824B /* TopRatedMoviesInteractor.swift */; };
		B107011623D966CD003E824B /* NowPlayingMoviesPresenter.swift in Sources */ = {isa = PBXBuildFile; fileRef = B107011023D966CD003E824B /* NowPlayingMoviesPresenter.swift */; };
		B107011723D966CD003E824B /* NowPlayingMoviesWorker.swift in Sources */ = {isa = PBXBuildFile; fileRef = B107011123D966CD003E824B /* NowPlayingMoviesWorker.swift */; };
		B107011823D966CD003E824B /* NowPlayingMoviesRouter.swift in Sources */ = {isa = PBXBuildFile; fileRef = B107011223D966CD003E824B /* NowPlayingMoviesRouter.swift */; };
		B107011923D966CD003E824B /* NowPlayingMoviesModels.swift in Sources */ = {isa = PBXBuildFile; fileRef = B107011323D966CD003E824B /* NowPlayingMoviesModels.swift */; };
		B107011A23D966CD003E824B /* NowPlayingMoviesViewController.swift in Sources */ = {isa = PBXBuildFile; fileRef = B107011423D966CD003E824B /* NowPlayingMoviesViewController.swift */; };
		B107011B23D966CD003E824B /* NowPlayingMoviesInteractor.swift in Sources */ = {isa = PBXBuildFile; fileRef = B107011523D966CD003E824B /* NowPlayingMoviesInteractor.swift */; };
		B107011F23D98147003E824B /* MoviesTableViewCell.swift in Sources */ = {isa = PBXBuildFile; fileRef = B107011D23D98147003E824B /* MoviesTableViewCell.swift */; };
		B107012023D98147003E824B /* MoviesTableViewCell.xib in Resources */ = {isa = PBXBuildFile; fileRef = B107011E23D98147003E824B /* MoviesTableViewCell.xib */; };
		B108950F23D0423600B16266 /* SearchedResultTableViewCell.swift in Sources */ = {isa = PBXBuildFile; fileRef = B108950E23D0423600B16266 /* SearchedResultTableViewCell.swift */; };
		B11C247523CF2079006CE6F7 /* RootTabBarViewController.swift in Sources */ = {isa = PBXBuildFile; fileRef = B11C247423CF2079006CE6F7 /* RootTabBarViewController.swift */; };
		B120FA2323CD8118008A2092 /* TopRatedCollectionViewCell.swift in Sources */ = {isa = PBXBuildFile; fileRef = B120FA2223CD8118008A2092 /* TopRatedCollectionViewCell.swift */; };
		B120FA2723CD8423008A2092 /* TopRatedTrendingTableViewCell.swift in Sources */ = {isa = PBXBuildFile; fileRef = B120FA2623CD8423008A2092 /* TopRatedTrendingTableViewCell.swift */; };
		B120FA2A23CD990C008A2092 /* PopularTableViewCell.swift in Sources */ = {isa = PBXBuildFile; fileRef = B120FA2923CD990C008A2092 /* PopularTableViewCell.swift */; };
		B120FA2C23CD9993008A2092 /* PopularCollectionViewCell.swift in Sources */ = {isa = PBXBuildFile; fileRef = B120FA2B23CD9993008A2092 /* PopularCollectionViewCell.swift */; };
		B13C4D4123DAD0C2004350B6 /* UpcomingMoviePresenter.swift in Sources */ = {isa = PBXBuildFile; fileRef = B13C4D3B23DAD0C2004350B6 /* UpcomingMoviePresenter.swift */; };
		B13C4D4223DAD0C2004350B6 /* UpcomingMovieWorker.swift in Sources */ = {isa = PBXBuildFile; fileRef = B13C4D3C23DAD0C2004350B6 /* UpcomingMovieWorker.swift */; };
		B13C4D4323DAD0C2004350B6 /* UpcomingMovieRouter.swift in Sources */ = {isa = PBXBuildFile; fileRef = B13C4D3D23DAD0C2004350B6 /* UpcomingMovieRouter.swift */; };
		B13C4D4423DAD0C2004350B6 /* UpcomingMovieModels.swift in Sources */ = {isa = PBXBuildFile; fileRef = B13C4D3E23DAD0C2004350B6 /* UpcomingMovieModels.swift */; };
		B13C4D4523DAD0C2004350B6 /* UpcomingMovieViewController.swift in Sources */ = {isa = PBXBuildFile; fileRef = B13C4D3F23DAD0C2004350B6 /* UpcomingMovieViewController.swift */; };
		B13C4D4623DAD0C2004350B6 /* UpcomingMovieInteractor.swift in Sources */ = {isa = PBXBuildFile; fileRef = B13C4D4023DAD0C2004350B6 /* UpcomingMovieInteractor.swift */; };
		B13C4D4E23DAE872004350B6 /* RatedMoviesPresenter.swift in Sources */ = {isa = PBXBuildFile; fileRef = B13C4D4823DAE872004350B6 /* RatedMoviesPresenter.swift */; };
		B13C4D4F23DAE872004350B6 /* RatedMoviesWorker.swift in Sources */ = {isa = PBXBuildFile; fileRef = B13C4D4923DAE872004350B6 /* RatedMoviesWorker.swift */; };
		B13C4D5023DAE872004350B6 /* RatedMoviesRouter.swift in Sources */ = {isa = PBXBuildFile; fileRef = B13C4D4A23DAE872004350B6 /* RatedMoviesRouter.swift */; };
		B13C4D5123DAE872004350B6 /* RatedMoviesModels.swift in Sources */ = {isa = PBXBuildFile; fileRef = B13C4D4B23DAE872004350B6 /* RatedMoviesModels.swift */; };
		B13C4D5223DAE872004350B6 /* RatedMoviesViewController.swift in Sources */ = {isa = PBXBuildFile; fileRef = B13C4D4C23DAE872004350B6 /* RatedMoviesViewController.swift */; };
		B13C4D5323DAE872004350B6 /* RatedMoviesInteractor.swift in Sources */ = {isa = PBXBuildFile; fileRef = B13C4D4D23DAE872004350B6 /* RatedMoviesInteractor.swift */; };
		B13C4D5A23DAF16F004350B6 /* SearchedMoviesPresenter.swift in Sources */ = {isa = PBXBuildFile; fileRef = B13C4D5423DAF16F004350B6 /* SearchedMoviesPresenter.swift */; };
		B13C4D5B23DAF16F004350B6 /* SearchedMoviesWorker.swift in Sources */ = {isa = PBXBuildFile; fileRef = B13C4D5523DAF16F004350B6 /* SearchedMoviesWorker.swift */; };
		B13C4D5C23DAF16F004350B6 /* SearchedMoviesRouter.swift in Sources */ = {isa = PBXBuildFile; fileRef = B13C4D5623DAF16F004350B6 /* SearchedMoviesRouter.swift */; };
		B13C4D5D23DAF16F004350B6 /* SearchedMoviesModels.swift in Sources */ = {isa = PBXBuildFile; fileRef = B13C4D5723DAF16F004350B6 /* SearchedMoviesModels.swift */; };
		B13C4D5E23DAF16F004350B6 /* SearchedMoviesViewController.swift in Sources */ = {isa = PBXBuildFile; fileRef = B13C4D5823DAF16F004350B6 /* SearchedMoviesViewController.swift */; };
		B13C4D5F23DAF16F004350B6 /* SearchedMoviesInteractor.swift in Sources */ = {isa = PBXBuildFile; fileRef = B13C4D5923DAF16F004350B6 /* SearchedMoviesInteractor.swift */; };
		B13C4D6823DB1261004350B6 /* LandingScenePresenter.swift in Sources */ = {isa = PBXBuildFile; fileRef = B13C4D6223DB1261004350B6 /* LandingScenePresenter.swift */; };
		B13C4D6923DB1261004350B6 /* LandingSceneWorker.swift in Sources */ = {isa = PBXBuildFile; fileRef = B13C4D6323DB1261004350B6 /* LandingSceneWorker.swift */; };
		B13C4D6A23DB1261004350B6 /* LandingSceneRouter.swift in Sources */ = {isa = PBXBuildFile; fileRef = B13C4D6423DB1261004350B6 /* LandingSceneRouter.swift */; };
		B13C4D6B23DB1261004350B6 /* LandingSceneModels.swift in Sources */ = {isa = PBXBuildFile; fileRef = B13C4D6523DB1261004350B6 /* LandingSceneModels.swift */; };
		B13C4D6C23DB1261004350B6 /* LandingSceneViewController.swift in Sources */ = {isa = PBXBuildFile; fileRef = B13C4D6623DB1261004350B6 /* LandingSceneViewController.swift */; };
		B13C4D6D23DB1261004350B6 /* LandingSceneInteractor.swift in Sources */ = {isa = PBXBuildFile; fileRef = B13C4D6723DB1261004350B6 /* LandingSceneInteractor.swift */; };
		B16BC06623D9AADE00E17DF9 /* TopRatedMoviesPresenter.swift in Sources */ = {isa = PBXBuildFile; fileRef = B107010423D96686003E824B /* TopRatedMoviesPresenter.swift */; };
		B1B1631A23CC3F9400A8038D /* AppDelegate.swift in Sources */ = {isa = PBXBuildFile; fileRef = B1B1631923CC3F9400A8038D /* AppDelegate.swift */; };
		B1B1631F23CC3F9400A8038D /* Main.storyboard in Resources */ = {isa = PBXBuildFile; fileRef = B1B1631D23CC3F9400A8038D /* Main.storyboard */; };
		B1B1632223CC3F9400A8038D /* MovieApp.xcdatamodeld in Sources */ = {isa = PBXBuildFile; fileRef = B1B1632023CC3F9400A8038D /* MovieApp.xcdatamodeld */; };
		B1B1632423CC3F9500A8038D /* Assets.xcassets in Resources */ = {isa = PBXBuildFile; fileRef = B1B1632323CC3F9500A8038D /* Assets.xcassets */; };
		B1B1632723CC3F9500A8038D /* LaunchScreen.storyboard in Resources */ = {isa = PBXBuildFile; fileRef = B1B1632523CC3F9500A8038D /* LaunchScreen.storyboard */; };
		B1B1633123CC4D2100A8038D /* Constants.swift in Sources */ = {isa = PBXBuildFile; fileRef = B1B1633023CC4D2100A8038D /* Constants.swift */; };
		B1B1633423CC4EE700A8038D /* MovieData.swift in Sources */ = {isa = PBXBuildFile; fileRef = B1B1633323CC4EE700A8038D /* MovieData.swift */; };
		B1B1633623CC549600A8038D /* APIManager.swift in Sources */ = {isa = PBXBuildFile; fileRef = B1B1633523CC549600A8038D /* APIManager.swift */; };
		B1B1633823CC759A00A8038D /* DatabaseManager.swift in Sources */ = {isa = PBXBuildFile; fileRef = B1B1633723CC759A00A8038D /* DatabaseManager.swift */; };
		B1B1633A23CC911100A8038D /* MovieDetailViewController.swift in Sources */ = {isa = PBXBuildFile; fileRef = B1B1633923CC911100A8038D /* MovieDetailViewController.swift */; };
		B1BE2B8323CDCB08007A841A /* NowPlayingCollectionViewCell.swift in Sources */ = {isa = PBXBuildFile; fileRef = B1BE2B8223CDCB08007A841A /* NowPlayingCollectionViewCell.swift */; };
		BB5F4302CB4D4327C115CA55 /* Pods_MovieApp.framework in Frameworks */ = {isa = PBXBuildFile; fileRef = E87E1F2FA99F2E4E689543CF /* Pods_MovieApp.framework */; };
/* End PBXBuildFile section */

/* Begin PBXFileReference section */
		439E1FA916E0FCEF793EE1D4 /* Pods-MovieApp.debug.xcconfig */ = {isa = PBXFileReference; includeInIndex = 1; lastKnownFileType = text.xcconfig; name = "Pods-MovieApp.debug.xcconfig"; path = "Target Support Files/Pods-MovieApp/Pods-MovieApp.debug.xcconfig"; sourceTree = "<group>"; };
		B107010423D96686003E824B /* TopRatedMoviesPresenter.swift */ = {isa = PBXFileReference; lastKnownFileType = sourcecode.swift; path = TopRatedMoviesPresenter.swift; sourceTree = "<group>"; };
		B107010523D96686003E824B /* TopRatedMoviesWorker.swift */ = {isa = PBXFileReference; lastKnownFileType = sourcecode.swift; path = TopRatedMoviesWorker.swift; sourceTree = "<group>"; };
		B107010623D96686003E824B /* TopRatedMoviesRouter.swift */ = {isa = PBXFileReference; lastKnownFileType = sourcecode.swift; path = TopRatedMoviesRouter.swift; sourceTree = "<group>"; };
		B107010723D96686003E824B /* TopRatedMoviesModels.swift */ = {isa = PBXFileReference; lastKnownFileType = sourcecode.swift; path = TopRatedMoviesModels.swift; sourceTree = "<group>"; };
		B107010823D96686003E824B /* TopRatedMoviesViewController.swift */ = {isa = PBXFileReference; lastKnownFileType = sourcecode.swift; path = TopRatedMoviesViewController.swift; sourceTree = "<group>"; };
		B107010923D96686003E824B /* TopRatedMoviesInteractor.swift */ = {isa = PBXFileReference; lastKnownFileType = sourcecode.swift; path = TopRatedMoviesInteractor.swift; sourceTree = "<group>"; };
		B107011023D966CD003E824B /* NowPlayingMoviesPresenter.swift */ = {isa = PBXFileReference; lastKnownFileType = sourcecode.swift; path = NowPlayingMoviesPresenter.swift; sourceTree = "<group>"; };
		B107011123D966CD003E824B /* NowPlayingMoviesWorker.swift */ = {isa = PBXFileReference; lastKnownFileType = sourcecode.swift; path = NowPlayingMoviesWorker.swift; sourceTree = "<group>"; };
		B107011223D966CD003E824B /* NowPlayingMoviesRouter.swift */ = {isa = PBXFileReference; lastKnownFileType = sourcecode.swift; path = NowPlayingMoviesRouter.swift; sourceTree = "<group>"; };
		B107011323D966CD003E824B /* NowPlayingMoviesModels.swift */ = {isa = PBXFileReference; lastKnownFileType = sourcecode.swift; path = NowPlayingMoviesModels.swift; sourceTree = "<group>"; };
		B107011423D966CD003E824B /* NowPlayingMoviesViewController.swift */ = {isa = PBXFileReference; lastKnownFileType = sourcecode.swift; path = NowPlayingMoviesViewController.swift; sourceTree = "<group>"; };
		B107011523D966CD003E824B /* NowPlayingMoviesInteractor.swift */ = {isa = PBXFileReference; lastKnownFileType = sourcecode.swift; path = NowPlayingMoviesInteractor.swift; sourceTree = "<group>"; };
		B107011D23D98147003E824B /* MoviesTableViewCell.swift */ = {isa = PBXFileReference; lastKnownFileType = sourcecode.swift; path = MoviesTableViewCell.swift; sourceTree = "<group>"; };
		B107011E23D98147003E824B /* MoviesTableViewCell.xib */ = {isa = PBXFileReference; lastKnownFileType = file.xib; path = MoviesTableViewCell.xib; sourceTree = "<group>"; };
		B108950E23D0423600B16266 /* SearchedResultTableViewCell.swift */ = {isa = PBXFileReference; lastKnownFileType = sourcecode.swift; path = SearchedResultTableViewCell.swift; sourceTree = "<group>"; };
		B11C247423CF2079006CE6F7 /* RootTabBarViewController.swift */ = {isa = PBXFileReference; lastKnownFileType = sourcecode.swift; path = RootTabBarViewController.swift; sourceTree = "<group>"; };
		B120FA2223CD8118008A2092 /* TopRatedCollectionViewCell.swift */ = {isa = PBXFileReference; lastKnownFileType = sourcecode.swift; path = TopRatedCollectionViewCell.swift; sourceTree = "<group>"; };
		B120FA2623CD8423008A2092 /* TopRatedTrendingTableViewCell.swift */ = {isa = PBXFileReference; lastKnownFileType = sourcecode.swift; path = TopRatedTrendingTableViewCell.swift; sourceTree = "<group>"; };
		B120FA2923CD990C008A2092 /* PopularTableViewCell.swift */ = {isa = PBXFileReference; lastKnownFileType = sourcecode.swift; path = PopularTableViewCell.swift; sourceTree = "<group>"; };
		B120FA2B23CD9993008A2092 /* PopularCollectionViewCell.swift */ = {isa = PBXFileReference; lastKnownFileType = sourcecode.swift; path = PopularCollectionViewCell.swift; sourceTree = "<group>"; };
		B13C4D3B23DAD0C2004350B6 /* UpcomingMoviePresenter.swift */ = {isa = PBXFileReference; lastKnownFileType = sourcecode.swift; path = UpcomingMoviePresenter.swift; sourceTree = "<group>"; };
		B13C4D3C23DAD0C2004350B6 /* UpcomingMovieWorker.swift */ = {isa = PBXFileReference; lastKnownFileType = sourcecode.swift; path = UpcomingMovieWorker.swift; sourceTree = "<group>"; };
		B13C4D3D23DAD0C2004350B6 /* UpcomingMovieRouter.swift */ = {isa = PBXFileReference; lastKnownFileType = sourcecode.swift; path = UpcomingMovieRouter.swift; sourceTree = "<group>"; };
		B13C4D3E23DAD0C2004350B6 /* UpcomingMovieModels.swift */ = {isa = PBXFileReference; lastKnownFileType = sourcecode.swift; path = UpcomingMovieModels.swift; sourceTree = "<group>"; };
		B13C4D3F23DAD0C2004350B6 /* UpcomingMovieViewController.swift */ = {isa = PBXFileReference; lastKnownFileType = sourcecode.swift; path = UpcomingMovieViewController.swift; sourceTree = "<group>"; };
		B13C4D4023DAD0C2004350B6 /* UpcomingMovieInteractor.swift */ = {isa = PBXFileReference; lastKnownFileType = sourcecode.swift; path = UpcomingMovieInteractor.swift; sourceTree = "<group>"; };
		B13C4D4823DAE872004350B6 /* RatedMoviesPresenter.swift */ = {isa = PBXFileReference; lastKnownFileType = sourcecode.swift; path = RatedMoviesPresenter.swift; sourceTree = "<group>"; };
		B13C4D4923DAE872004350B6 /* RatedMoviesWorker.swift */ = {isa = PBXFileReference; lastKnownFileType = sourcecode.swift; path = RatedMoviesWorker.swift; sourceTree = "<group>"; };
		B13C4D4A23DAE872004350B6 /* RatedMoviesRouter.swift */ = {isa = PBXFileReference; lastKnownFileType = sourcecode.swift; path = RatedMoviesRouter.swift; sourceTree = "<group>"; };
		B13C4D4B23DAE872004350B6 /* RatedMoviesModels.swift */ = {isa = PBXFileReference; lastKnownFileType = sourcecode.swift; path = RatedMoviesModels.swift; sourceTree = "<group>"; };
		B13C4D4C23DAE872004350B6 /* RatedMoviesViewController.swift */ = {isa = PBXFileReference; lastKnownFileType = sourcecode.swift; path = RatedMoviesViewController.swift; sourceTree = "<group>"; };
		B13C4D4D23DAE872004350B6 /* RatedMoviesInteractor.swift */ = {isa = PBXFileReference; lastKnownFileType = sourcecode.swift; path = RatedMoviesInteractor.swift; sourceTree = "<group>"; };
		B13C4D5423DAF16F004350B6 /* SearchedMoviesPresenter.swift */ = {isa = PBXFileReference; lastKnownFileType = sourcecode.swift; path = SearchedMoviesPresenter.swift; sourceTree = "<group>"; };
		B13C4D5523DAF16F004350B6 /* SearchedMoviesWorker.swift */ = {isa = PBXFileReference; lastKnownFileType = sourcecode.swift; path = SearchedMoviesWorker.swift; sourceTree = "<group>"; };
		B13C4D5623DAF16F004350B6 /* SearchedMoviesRouter.swift */ = {isa = PBXFileReference; lastKnownFileType = sourcecode.swift; path = SearchedMoviesRouter.swift; sourceTree = "<group>"; };
		B13C4D5723DAF16F004350B6 /* SearchedMoviesModels.swift */ = {isa = PBXFileReference; lastKnownFileType = sourcecode.swift; path = SearchedMoviesModels.swift; sourceTree = "<group>"; };
		B13C4D5823DAF16F004350B6 /* SearchedMoviesViewController.swift */ = {isa = PBXFileReference; lastKnownFileType = sourcecode.swift; path = SearchedMoviesViewController.swift; sourceTree = "<group>"; };
		B13C4D5923DAF16F004350B6 /* SearchedMoviesInteractor.swift */ = {isa = PBXFileReference; lastKnownFileType = sourcecode.swift; path = SearchedMoviesInteractor.swift; sourceTree = "<group>"; };
		B13C4D6223DB1261004350B6 /* LandingScenePresenter.swift */ = {isa = PBXFileReference; lastKnownFileType = sourcecode.swift; path = LandingScenePresenter.swift; sourceTree = "<group>"; };
		B13C4D6323DB1261004350B6 /* LandingSceneWorker.swift */ = {isa = PBXFileReference; lastKnownFileType = sourcecode.swift; path = LandingSceneWorker.swift; sourceTree = "<group>"; };
		B13C4D6423DB1261004350B6 /* LandingSceneRouter.swift */ = {isa = PBXFileReference; lastKnownFileType = sourcecode.swift; path = LandingSceneRouter.swift; sourceTree = "<group>"; };
		B13C4D6523DB1261004350B6 /* LandingSceneModels.swift */ = {isa = PBXFileReference; lastKnownFileType = sourcecode.swift; path = LandingSceneModels.swift; sourceTree = "<group>"; };
		B13C4D6623DB1261004350B6 /* LandingSceneViewController.swift */ = {isa = PBXFileReference; lastKnownFileType = sourcecode.swift; path = LandingSceneViewController.swift; sourceTree = "<group>"; };
		B13C4D6723DB1261004350B6 /* LandingSceneInteractor.swift */ = {isa = PBXFileReference; lastKnownFileType = sourcecode.swift; path = LandingSceneInteractor.swift; sourceTree = "<group>"; };
		B1644EF623D9A65600B90412 /* MoviesDetail+CoreDataClass.swift */ = {isa = PBXFileReference; lastKnownFileType = sourcecode.swift; path = "MoviesDetail+CoreDataClass.swift"; sourceTree = "<group>"; };
		B1644EF723D9A65600B90412 /* MoviesDetail+CoreDataProperties.swift */ = {isa = PBXFileReference; lastKnownFileType = sourcecode.swift; path = "MoviesDetail+CoreDataProperties.swift"; sourceTree = "<group>"; };
		B1B1631623CC3F9400A8038D /* MovieApp.app */ = {isa = PBXFileReference; explicitFileType = wrapper.application; includeInIndex = 0; path = MovieApp.app; sourceTree = BUILT_PRODUCTS_DIR; };
		B1B1631923CC3F9400A8038D /* AppDelegate.swift */ = {isa = PBXFileReference; lastKnownFileType = sourcecode.swift; path = AppDelegate.swift; sourceTree = "<group>"; };
		B1B1631E23CC3F9400A8038D /* Base */ = {isa = PBXFileReference; lastKnownFileType = file.storyboard; name = Base; path = Base.lproj/Main.storyboard; sourceTree = "<group>"; };
		B1B1632123CC3F9400A8038D /* MovieApp.xcdatamodel */ = {isa = PBXFileReference; lastKnownFileType = wrapper.xcdatamodel; path = MovieApp.xcdatamodel; sourceTree = "<group>"; };
		B1B1632323CC3F9500A8038D /* Assets.xcassets */ = {isa = PBXFileReference; lastKnownFileType = folder.assetcatalog; path = Assets.xcassets; sourceTree = "<group>"; };
		B1B1632623CC3F9500A8038D /* Base */ = {isa = PBXFileReference; lastKnownFileType = file.storyboard; name = Base; path = Base.lproj/LaunchScreen.storyboard; sourceTree = "<group>"; };
		B1B1632823CC3F9500A8038D /* Info.plist */ = {isa = PBXFileReference; lastKnownFileType = text.plist.xml; path = Info.plist; sourceTree = "<group>"; };
		B1B1633023CC4D2100A8038D /* Constants.swift */ = {isa = PBXFileReference; lastKnownFileType = sourcecode.swift; path = Constants.swift; sourceTree = "<group>"; };
		B1B1633323CC4EE700A8038D /* MovieData.swift */ = {isa = PBXFileReference; lastKnownFileType = sourcecode.swift; path = MovieData.swift; sourceTree = "<group>"; };
		B1B1633523CC549600A8038D /* APIManager.swift */ = {isa = PBXFileReference; lastKnownFileType = sourcecode.swift; path = APIManager.swift; sourceTree = "<group>"; };
		B1B1633723CC759A00A8038D /* DatabaseManager.swift */ = {isa = PBXFileReference; lastKnownFileType = sourcecode.swift; path = DatabaseManager.swift; sourceTree = "<group>"; };
		B1B1633923CC911100A8038D /* MovieDetailViewController.swift */ = {isa = PBXFileReference; lastKnownFileType = sourcecode.swift; path = MovieDetailViewController.swift; sourceTree = "<group>"; };
		B1BE2B8223CDCB08007A841A /* NowPlayingCollectionViewCell.swift */ = {isa = PBXFileReference; lastKnownFileType = sourcecode.swift; path = NowPlayingCollectionViewCell.swift; sourceTree = "<group>"; };
		E87E1F2FA99F2E4E689543CF /* Pods_MovieApp.framework */ = {isa = PBXFileReference; explicitFileType = wrapper.framework; includeInIndex = 0; path = Pods_MovieApp.framework; sourceTree = BUILT_PRODUCTS_DIR; };
		F9AEAC1ADDF1DA2E4A28C50D /* Pods-MovieApp.release.xcconfig */ = {isa = PBXFileReference; includeInIndex = 1; lastKnownFileType = text.xcconfig; name = "Pods-MovieApp.release.xcconfig"; path = "Target Support Files/Pods-MovieApp/Pods-MovieApp.release.xcconfig"; sourceTree = "<group>"; };
/* End PBXFileReference section */

/* Begin PBXFrameworksBuildPhase section */
		B1B1631323CC3F9400A8038D /* Frameworks */ = {
			isa = PBXFrameworksBuildPhase;
			buildActionMask = 2147483647;
			files = (
				BB5F4302CB4D4327C115CA55 /* Pods_MovieApp.framework in Frameworks */,
			);
			runOnlyForDeploymentPostprocessing = 0;
		};
/* End PBXFrameworksBuildPhase section */

/* Begin PBXGroup section */
		3A423A11F7A042972F73A577 /* Pods */ = {
			isa = PBXGroup;
			children = (
				439E1FA916E0FCEF793EE1D4 /* Pods-MovieApp.debug.xcconfig */,
				F9AEAC1ADDF1DA2E4A28C50D /* Pods-MovieApp.release.xcconfig */,
			);
			path = Pods;
			sourceTree = "<group>";
		};
		B107011C23D9811C003E824B /* Cell */ = {
			isa = PBXGroup;
			children = (
				B107011D23D98147003E824B /* MoviesTableViewCell.swift */,
				B107011E23D98147003E824B /* MoviesTableViewCell.xib */,
			);
			path = Cell;
			sourceTree = "<group>";
		};
		B108950B23D034D700B16266 /* Search */ = {
			isa = PBXGroup;
			children = (
				B108950E23D0423600B16266 /* SearchedResultTableViewCell.swift */,
				B13C4D5423DAF16F004350B6 /* SearchedMoviesPresenter.swift */,
				B13C4D5523DAF16F004350B6 /* SearchedMoviesWorker.swift */,
				B13C4D5623DAF16F004350B6 /* SearchedMoviesRouter.swift */,
				B13C4D5723DAF16F004350B6 /* SearchedMoviesModels.swift */,
				B13C4D5823DAF16F004350B6 /* SearchedMoviesViewController.swift */,
				B13C4D5923DAF16F004350B6 /* SearchedMoviesInteractor.swift */,
			);
			path = Search;
			sourceTree = "<group>";
		};
		B11C247123CEF127006CE6F7 /* Upcoming */ = {
			isa = PBXGroup;
			children = (
				B13C4D3B23DAD0C2004350B6 /* UpcomingMoviePresenter.swift */,
				B13C4D3C23DAD0C2004350B6 /* UpcomingMovieWorker.swift */,
				B13C4D3D23DAD0C2004350B6 /* UpcomingMovieRouter.swift */,
				B13C4D3E23DAD0C2004350B6 /* UpcomingMovieModels.swift */,
				B13C4D3F23DAD0C2004350B6 /* UpcomingMovieViewController.swift */,
				B13C4D4023DAD0C2004350B6 /* UpcomingMovieInteractor.swift */,
			);
			path = Upcoming;
			sourceTree = "<group>";
		};
		B120FA2823CD98A4008A2092 /* TopRated */ = {
			isa = PBXGroup;
			children = (
				B13C4D4723DAE806004350B6 /* Top Rated And Popular  */,
				B13C4D4823DAE872004350B6 /* RatedMoviesPresenter.swift */,
				B13C4D4923DAE872004350B6 /* RatedMoviesWorker.swift */,
				B13C4D4A23DAE872004350B6 /* RatedMoviesRouter.swift */,
				B13C4D4B23DAE872004350B6 /* RatedMoviesModels.swift */,
				B13C4D4C23DAE872004350B6 /* RatedMoviesViewController.swift */,
				B13C4D4D23DAE872004350B6 /* RatedMoviesInteractor.swift */,
			);
			path = TopRated;
			sourceTree = "<group>";
		};
		B13C4D3A23DACEBB004350B6 /* Now Playing */ = {
			isa = PBXGroup;
			children = (
				B107011023D966CD003E824B /* NowPlayingMoviesPresenter.swift */,
				B107011123D966CD003E824B /* NowPlayingMoviesWorker.swift */,
				B107011223D966CD003E824B /* NowPlayingMoviesRouter.swift */,
				B107011323D966CD003E824B /* NowPlayingMoviesModels.swift */,
				B107011423D966CD003E824B /* NowPlayingMoviesViewController.swift */,
				B107011523D966CD003E824B /* NowPlayingMoviesInteractor.swift */,
				B1BE2B8223CDCB08007A841A /* NowPlayingCollectionViewCell.swift */,
			);
			path = "Now Playing";
			sourceTree = "<group>";
		};
		B13C4D4723DAE806004350B6 /* Top Rated And Popular  */ = {
			isa = PBXGroup;
			children = (
				B120FA2223CD8118008A2092 /* TopRatedCollectionViewCell.swift */,
				B107010423D96686003E824B /* TopRatedMoviesPresenter.swift */,
				B107010523D96686003E824B /* TopRatedMoviesWorker.swift */,
				B107010623D96686003E824B /* TopRatedMoviesRouter.swift */,
				B107010723D96686003E824B /* TopRatedMoviesModels.swift */,
				B107010823D96686003E824B /* TopRatedMoviesViewController.swift */,
				B107010923D96686003E824B /* TopRatedMoviesInteractor.swift */,
				B120FA2623CD8423008A2092 /* TopRatedTrendingTableViewCell.swift */,
				B120FA2923CD990C008A2092 /* PopularTableViewCell.swift */,
				B120FA2B23CD9993008A2092 /* PopularCollectionViewCell.swift */,
			);
			path = "Top Rated And Popular ";
			sourceTree = "<group>";
		};
		B13C4D6023DAF41A004350B6 /* Core Data */ = {
			isa = PBXGroup;
			children = (
				B1644EF623D9A65600B90412 /* MoviesDetail+CoreDataClass.swift */,
				B1644EF723D9A65600B90412 /* MoviesDetail+CoreDataProperties.swift */,
			);
			path = "Core Data";
			sourceTree = "<group>";
		};
		B13C4D6123DB1231004350B6 /* Landing Scene */ = {
			isa = PBXGroup;
			children = (
				B13C4D6223DB1261004350B6 /* LandingScenePresenter.swift */,
				B13C4D6323DB1261004350B6 /* LandingSceneWorker.swift */,
				B13C4D6423DB1261004350B6 /* LandingSceneRouter.swift */,
				B13C4D6523DB1261004350B6 /* LandingSceneModels.swift */,
				B13C4D6623DB1261004350B6 /* LandingSceneViewController.swift */,
				B13C4D6723DB1261004350B6 /* LandingSceneInteractor.swift */,
			);
			path = "Landing Scene";
			sourceTree = "<group>";
		};
		B1B1630D23CC3F9400A8038D = {
			isa = PBXGroup;
			children = (
				B1B1631823CC3F9400A8038D /* MovieApp */,
				B1B1631723CC3F9400A8038D /* Products */,
				3A423A11F7A042972F73A577 /* Pods */,
				B93393500144EDB4CA1FCDC2 /* Frameworks */,
			);
			sourceTree = "<group>";
		};
		B1B1631723CC3F9400A8038D /* Products */ = {
			isa = PBXGroup;
			children = (
				B1B1631623CC3F9400A8038D /* MovieApp.app */,
			);
			name = Products;
			sourceTree = "<group>";
		};
		B1B1631823CC3F9400A8038D /* MovieApp */ = {
			isa = PBXGroup;
			children = (
				B1B1632E23CC4CE900A8038D /* Helpers */,
				B13C4D6023DAF41A004350B6 /* Core Data */,
				B1B1632F23CC4CFB00A8038D /* Managers */,
				B1B1633223CC4EBF00A8038D /* Model */,
				B13C4D6123DB1231004350B6 /* Landing Scene */,
				B13C4D3A23DACEBB004350B6 /* Now Playing */,
				B120FA2823CD98A4008A2092 /* TopRated */,
				B11C247123CEF127006CE6F7 /* Upcoming */,
				B108950B23D034D700B16266 /* Search */,
				B107011C23D9811C003E824B /* Cell */,
				B1B1631923CC3F9400A8038D /* AppDelegate.swift */,
				B1B1633923CC911100A8038D /* MovieDetailViewController.swift */,
				B1B1631D23CC3F9400A8038D /* Main.storyboard */,
				B1B1632323CC3F9500A8038D /* Assets.xcassets */,
				B1B1632523CC3F9500A8038D /* LaunchScreen.storyboard */,
				B1B1632823CC3F9500A8038D /* Info.plist */,
				B1B1632023CC3F9400A8038D /* MovieApp.xcdatamodeld */,
				B11C247423CF2079006CE6F7 /* RootTabBarViewController.swift */,
			);
			path = MovieApp;
			sourceTree = "<group>";
		};
		B1B1632E23CC4CE900A8038D /* Helpers */ = {
			isa = PBXGroup;
			children = (
				B1B1633023CC4D2100A8038D /* Constants.swift */,
			);
			path = Helpers;
			sourceTree = "<group>";
		};
		B1B1632F23CC4CFB00A8038D /* Managers */ = {
			isa = PBXGroup;
			children = (
				B1B1633523CC549600A8038D /* APIManager.swift */,
				B1B1633723CC759A00A8038D /* DatabaseManager.swift */,
			);
			path = Managers;
			sourceTree = "<group>";
		};
		B1B1633223CC4EBF00A8038D /* Model */ = {
			isa = PBXGroup;
			children = (
				B1B1633323CC4EE700A8038D /* MovieData.swift */,
			);
			path = Model;
			sourceTree = "<group>";
		};
		B93393500144EDB4CA1FCDC2 /* Frameworks */ = {
			isa = PBXGroup;
			children = (
				E87E1F2FA99F2E4E689543CF /* Pods_MovieApp.framework */,
			);
			name = Frameworks;
			sourceTree = "<group>";
		};
/* End PBXGroup section */

/* Begin PBXNativeTarget section */
		B1B1631523CC3F9400A8038D /* MovieApp */ = {
			isa = PBXNativeTarget;
			buildConfigurationList = B1B1632B23CC3F9500A8038D /* Build configuration list for PBXNativeTarget "MovieApp" */;
			buildPhases = (
				BB3F720A5F46B8922ECF513D /* [CP] Check Pods Manifest.lock */,
				B1B1631223CC3F9400A8038D /* Sources */,
				B1B1631323CC3F9400A8038D /* Frameworks */,
				B1B1631423CC3F9400A8038D /* Resources */,
				01CED5D392736F3C791EBA74 /* [CP] Embed Pods Frameworks */,
			);
			buildRules = (
			);
			dependencies = (
			);
			name = MovieApp;
			productName = MovieApp;
			productReference = B1B1631623CC3F9400A8038D /* MovieApp.app */;
			productType = "com.apple.product-type.application";
		};
/* End PBXNativeTarget section */

/* Begin PBXProject section */
		B1B1630E23CC3F9400A8038D /* Project object */ = {
			isa = PBXProject;
			attributes = {
				LastSwiftUpdateCheck = 1010;
				LastUpgradeCheck = 1010;
				ORGANIZATIONNAME = Thanos;
				TargetAttributes = {
					B1B1631523CC3F9400A8038D = {
						CreatedOnToolsVersion = 10.1;
					};
				};
			};
			buildConfigurationList = B1B1631123CC3F9400A8038D /* Build configuration list for PBXProject "MovieApp" */;
			compatibilityVersion = "Xcode 9.3";
			developmentRegion = en;
			hasScannedForEncodings = 0;
			knownRegions = (
				en,
				Base,
			);
			mainGroup = B1B1630D23CC3F9400A8038D;
			productRefGroup = B1B1631723CC3F9400A8038D /* Products */;
			projectDirPath = "";
			projectRoot = "";
			targets = (
				B1B1631523CC3F9400A8038D /* MovieApp */,
			);
		};
/* End PBXProject section */

/* Begin PBXResourcesBuildPhase section */
		B1B1631423CC3F9400A8038D /* Resources */ = {
			isa = PBXResourcesBuildPhase;
			buildActionMask = 2147483647;
			files = (
				B1B1632723CC3F9500A8038D /* LaunchScreen.storyboard in Resources */,
				B1B1632423CC3F9500A8038D /* Assets.xcassets in Resources */,
				B107012023D98147003E824B /* MoviesTableViewCell.xib in Resources */,
				B1B1631F23CC3F9400A8038D /* Main.storyboard in Resources */,
			);
			runOnlyForDeploymentPostprocessing = 0;
		};
/* End PBXResourcesBuildPhase section */

/* Begin PBXShellScriptBuildPhase section */
		01CED5D392736F3C791EBA74 /* [CP] Embed Pods Frameworks */ = {
			isa = PBXShellScriptBuildPhase;
			buildActionMask = 2147483647;
			files = (
			);
			inputFileListPaths = (
				"${PODS_ROOT}/Target Support Files/Pods-MovieApp/Pods-MovieApp-frameworks-${CONFIGURATION}-input-files.xcfilelist",
			);
			name = "[CP] Embed Pods Frameworks";
			outputFileListPaths = (
				"${PODS_ROOT}/Target Support Files/Pods-MovieApp/Pods-MovieApp-frameworks-${CONFIGURATION}-output-files.xcfilelist",
			);
			runOnlyForDeploymentPostprocessing = 0;
			shellPath = /bin/sh;
			shellScript = "\"${PODS_ROOT}/Target Support Files/Pods-MovieApp/Pods-MovieApp-frameworks.sh\"\n";
			showEnvVarsInLog = 0;
		};
		BB3F720A5F46B8922ECF513D /* [CP] Check Pods Manifest.lock */ = {
			isa = PBXShellScriptBuildPhase;
			buildActionMask = 2147483647;
			files = (
			);
			inputFileListPaths = (
			);
			inputPaths = (
				"${PODS_PODFILE_DIR_PATH}/Podfile.lock",
				"${PODS_ROOT}/Manifest.lock",
			);
			name = "[CP] Check Pods Manifest.lock";
			outputFileListPaths = (
			);
			outputPaths = (
				"$(DERIVED_FILE_DIR)/Pods-MovieApp-checkManifestLockResult.txt",
			);
			runOnlyForDeploymentPostprocessing = 0;
			shellPath = /bin/sh;
			shellScript = "diff \"${PODS_PODFILE_DIR_PATH}/Podfile.lock\" \"${PODS_ROOT}/Manifest.lock\" > /dev/null\nif [ $? != 0 ] ; then\n    # print error to STDERR\n    echo \"error: The sandbox is not in sync with the Podfile.lock. Run 'pod install' or update your CocoaPods installation.\" >&2\n    exit 1\nfi\n# This output is used by Xcode 'outputs' to avoid re-running this script phase.\necho \"SUCCESS\" > \"${SCRIPT_OUTPUT_FILE_0}\"\n";
			showEnvVarsInLog = 0;
		};
/* End PBXShellScriptBuildPhase section */

/* Begin PBXSourcesBuildPhase section */
		B1B1631223CC3F9400A8038D /* Sources */ = {
			isa = PBXSourcesBuildPhase;
			buildActionMask = 2147483647;
			files = (
				B16BC06623D9AADE00E17DF9 /* TopRatedMoviesPresenter.swift in Sources */,
				B13C4D5B23DAF16F004350B6 /* SearchedMoviesWorker.swift in Sources */,
				B13C4D5F23DAF16F004350B6 /* SearchedMoviesInteractor.swift in Sources */,
				B107011823D966CD003E824B /* NowPlayingMoviesRouter.swift in Sources */,
				B13C4D6C23DB1261004350B6 /* LandingSceneViewController.swift in Sources */,
				B1B1633623CC549600A8038D /* APIManager.swift in Sources */,
				B13C4D4323DAD0C2004350B6 /* UpcomingMovieRouter.swift in Sources */,
				B120FA2323CD8118008A2092 /* TopRatedCollectionViewCell.swift in Sources */,
				B13C4D4223DAD0C2004350B6 /* UpcomingMovieWorker.swift in Sources */,
				B107011923D966CD003E824B /* NowPlayingMoviesModels.swift in Sources */,
				B13C4D4E23DAE872004350B6 /* RatedMoviesPresenter.swift in Sources */,
				B13C4D6B23DB1261004350B6 /* LandingSceneModels.swift in Sources */,
				B107011B23D966CD003E824B /* NowPlayingMoviesInteractor.swift in Sources */,
				B13C4D5C23DAF16F004350B6 /* SearchedMoviesRouter.swift in Sources */,
				B13C4D6D23DB1261004350B6 /* LandingSceneInteractor.swift in Sources */,
				B107010C23D96686003E824B /* TopRatedMoviesRouter.swift in Sources */,
				B107010E23D96686003E824B /* TopRatedMoviesViewController.swift in Sources */,
				B107011A23D966CD003E824B /* NowPlayingMoviesViewController.swift in Sources */,
				B107011623D966CD003E824B /* NowPlayingMoviesPresenter.swift in Sources */,
				B107011723D966CD003E824B /* NowPlayingMoviesWorker.swift in Sources */,
				B13C4D4F23DAE872004350B6 /* RatedMoviesWorker.swift in Sources */,
				B108950F23D0423600B16266 /* SearchedResultTableViewCell.swift in Sources */,
				B13C4D6923DB1261004350B6 /* LandingSceneWorker.swift in Sources */,
				B13C4D5023DAE872004350B6 /* RatedMoviesRouter.swift in Sources */,
				B1B1631A23CC3F9400A8038D /* AppDelegate.swift in Sources */,
				B107011F23D98147003E824B /* MoviesTableViewCell.swift in Sources */,
				B1B1632223CC3F9400A8038D /* MovieApp.xcdatamodeld in Sources */,
				B13C4D5123DAE872004350B6 /* RatedMoviesModels.swift in Sources */,
				B1B1633A23CC911100A8038D /* MovieDetailViewController.swift in Sources */,
				B1B1633123CC4D2100A8038D /* Constants.swift in Sources */,
				B13C4D4423DAD0C2004350B6 /* UpcomingMovieModels.swift in Sources */,
				B13C4D5D23DAF16F004350B6 /* SearchedMoviesModels.swift in Sources */,
				B1B1633423CC4EE700A8038D /* MovieData.swift in Sources */,
				B107010D23D96686003E824B /* TopRatedMoviesModels.swift in Sources */,
				B13C4D5323DAE872004350B6 /* RatedMoviesInteractor.swift in Sources */,
				B107010F23D96686003E824B /* TopRatedMoviesInteractor.swift in Sources */,
				B13C4D6A23DB1261004350B6 /* LandingSceneRouter.swift in Sources */,
				B13C4D4623DAD0C2004350B6 /* UpcomingMovieInteractor.swift in Sources */,
				B120FA2A23CD990C008A2092 /* PopularTableViewCell.swift in Sources */,
				B13C4D5223DAE872004350B6 /* RatedMoviesViewController.swift in Sources */,
				B13C4D6823DB1261004350B6 /* LandingScenePresenter.swift in Sources */,
				B1BE2B8323CDCB08007A841A /* NowPlayingCollectionViewCell.swift in Sources */,
				B13C4D4523DAD0C2004350B6 /* UpcomingMovieViewController.swift in Sources */,
				B13C4D5A23DAF16F004350B6 /* SearchedMoviesPresenter.swift in Sources */,
				B13C4D4123DAD0C2004350B6 /* UpcomingMoviePresenter.swift in Sources */,
				B120FA2C23CD9993008A2092 /* PopularCollectionViewCell.swift in Sources */,
				B1B1633823CC759A00A8038D /* DatabaseManager.swift in Sources */,
				B13C4D5E23DAF16F004350B6 /* SearchedMoviesViewController.swift in Sources */,
				B11C247523CF2079006CE6F7 /* RootTabBarViewController.swift in Sources */,
				B120FA2723CD8423008A2092 /* TopRatedTrendingTableViewCell.swift in Sources */,
				B107010B23D96686003E824B /* TopRatedMoviesWorker.swift in Sources */,
			);
			runOnlyForDeploymentPostprocessing = 0;
		};
/* End PBXSourcesBuildPhase section */

/* Begin PBXVariantGroup section */
		B1B1631D23CC3F9400A8038D /* Main.storyboard */ = {
			isa = PBXVariantGroup;
			children = (
				B1B1631E23CC3F9400A8038D /* Base */,
			);
			name = Main.storyboard;
			sourceTree = "<group>";
		};
		B1B1632523CC3F9500A8038D /* LaunchScreen.storyboard */ = {
			isa = PBXVariantGroup;
			children = (
				B1B1632623CC3F9500A8038D /* Base */,
			);
			name = LaunchScreen.storyboard;
			sourceTree = "<group>";
		};
/* End PBXVariantGroup section */

/* Begin XCBuildConfiguration section */
		B1B1632923CC3F9500A8038D /* Debug */ = {
			isa = XCBuildConfiguration;
			buildSettings = {
				ALWAYS_SEARCH_USER_PATHS = NO;
				CLANG_ANALYZER_NONNULL = YES;
				CLANG_ANALYZER_NUMBER_OBJECT_CONVERSION = YES_AGGRESSIVE;
				CLANG_CXX_LANGUAGE_STANDARD = "gnu++14";
				CLANG_CXX_LIBRARY = "libc++";
				CLANG_ENABLE_MODULES = YES;
				CLANG_ENABLE_OBJC_ARC = YES;
				CLANG_ENABLE_OBJC_WEAK = YES;
				CLANG_WARN_BLOCK_CAPTURE_AUTORELEASING = YES;
				CLANG_WARN_BOOL_CONVERSION = YES;
				CLANG_WARN_COMMA = YES;
				CLANG_WARN_CONSTANT_CONVERSION = YES;
				CLANG_WARN_DEPRECATED_OBJC_IMPLEMENTATIONS = YES;
				CLANG_WARN_DIRECT_OBJC_ISA_USAGE = YES_ERROR;
				CLANG_WARN_DOCUMENTATION_COMMENTS = YES;
				CLANG_WARN_EMPTY_BODY = YES;
				CLANG_WARN_ENUM_CONVERSION = YES;
				CLANG_WARN_INFINITE_RECURSION = YES;
				CLANG_WARN_INT_CONVERSION = YES;
				CLANG_WARN_NON_LITERAL_NULL_CONVERSION = YES;
				CLANG_WARN_OBJC_IMPLICIT_RETAIN_SELF = YES;
				CLANG_WARN_OBJC_LITERAL_CONVERSION = YES;
				CLANG_WARN_OBJC_ROOT_CLASS = YES_ERROR;
				CLANG_WARN_RANGE_LOOP_ANALYSIS = YES;
				CLANG_WARN_STRICT_PROTOTYPES = YES;
				CLANG_WARN_SUSPICIOUS_MOVE = YES;
				CLANG_WARN_UNGUARDED_AVAILABILITY = YES_AGGRESSIVE;
				CLANG_WARN_UNREACHABLE_CODE = YES;
				CLANG_WARN__DUPLICATE_METHOD_MATCH = YES;
				CODE_SIGN_IDENTITY = "iPhone Developer";
				COPY_PHASE_STRIP = NO;
				DEBUG_INFORMATION_FORMAT = dwarf;
				ENABLE_STRICT_OBJC_MSGSEND = YES;
				ENABLE_TESTABILITY = YES;
				GCC_C_LANGUAGE_STANDARD = gnu11;
				GCC_DYNAMIC_NO_PIC = NO;
				GCC_NO_COMMON_BLOCKS = YES;
				GCC_OPTIMIZATION_LEVEL = 0;
				GCC_PREPROCESSOR_DEFINITIONS = (
					"DEBUG=1",
					"$(inherited)",
				);
				GCC_WARN_64_TO_32_BIT_CONVERSION = YES;
				GCC_WARN_ABOUT_RETURN_TYPE = YES_ERROR;
				GCC_WARN_UNDECLARED_SELECTOR = YES;
				GCC_WARN_UNINITIALIZED_AUTOS = YES_AGGRESSIVE;
				GCC_WARN_UNUSED_FUNCTION = YES;
				GCC_WARN_UNUSED_VARIABLE = YES;
				IPHONEOS_DEPLOYMENT_TARGET = 12.1;
				MTL_ENABLE_DEBUG_INFO = INCLUDE_SOURCE;
				MTL_FAST_MATH = YES;
				ONLY_ACTIVE_ARCH = YES;
				SDKROOT = iphoneos;
				SWIFT_ACTIVE_COMPILATION_CONDITIONS = DEBUG;
				SWIFT_OPTIMIZATION_LEVEL = "-Onone";
			};
			name = Debug;
		};
		B1B1632A23CC3F9500A8038D /* Release */ = {
			isa = XCBuildConfiguration;
			buildSettings = {
				ALWAYS_SEARCH_USER_PATHS = NO;
				CLANG_ANALYZER_NONNULL = YES;
				CLANG_ANALYZER_NUMBER_OBJECT_CONVERSION = YES_AGGRESSIVE;
				CLANG_CXX_LANGUAGE_STANDARD = "gnu++14";
				CLANG_CXX_LIBRARY = "libc++";
				CLANG_ENABLE_MODULES = YES;
				CLANG_ENABLE_OBJC_ARC = YES;
				CLANG_ENABLE_OBJC_WEAK = YES;
				CLANG_WARN_BLOCK_CAPTURE_AUTORELEASING = YES;
				CLANG_WARN_BOOL_CONVERSION = YES;
				CLANG_WARN_COMMA = YES;
				CLANG_WARN_CONSTANT_CONVERSION = YES;
				CLANG_WARN_DEPRECATED_OBJC_IMPLEMENTATIONS = YES;
				CLANG_WARN_DIRECT_OBJC_ISA_USAGE = YES_ERROR;
				CLANG_WARN_DOCUMENTATION_COMMENTS = YES;
				CLANG_WARN_EMPTY_BODY = YES;
				CLANG_WARN_ENUM_CONVERSION = YES;
				CLANG_WARN_INFINITE_RECURSION = YES;
				CLANG_WARN_INT_CONVERSION = YES;
				CLANG_WARN_NON_LITERAL_NULL_CONVERSION = YES;
				CLANG_WARN_OBJC_IMPLICIT_RETAIN_SELF = YES;
				CLANG_WARN_OBJC_LITERAL_CONVERSION = YES;
				CLANG_WARN_OBJC_ROOT_CLASS = YES_ERROR;
				CLANG_WARN_RANGE_LOOP_ANALYSIS = YES;
				CLANG_WARN_STRICT_PROTOTYPES = YES;
				CLANG_WARN_SUSPICIOUS_MOVE = YES;
				CLANG_WARN_UNGUARDED_AVAILABILITY = YES_AGGRESSIVE;
				CLANG_WARN_UNREACHABLE_CODE = YES;
				CLANG_WARN__DUPLICATE_METHOD_MATCH = YES;
				CODE_SIGN_IDENTITY = "iPhone Developer";
				COPY_PHASE_STRIP = NO;
				DEBUG_INFORMATION_FORMAT = "dwarf-with-dsym";
				ENABLE_NS_ASSERTIONS = NO;
				ENABLE_STRICT_OBJC_MSGSEND = YES;
				GCC_C_LANGUAGE_STANDARD = gnu11;
				GCC_NO_COMMON_BLOCKS = YES;
				GCC_WARN_64_TO_32_BIT_CONVERSION = YES;
				GCC_WARN_ABOUT_RETURN_TYPE = YES_ERROR;
				GCC_WARN_UNDECLARED_SELECTOR = YES;
				GCC_WARN_UNINITIALIZED_AUTOS = YES_AGGRESSIVE;
				GCC_WARN_UNUSED_FUNCTION = YES;
				GCC_WARN_UNUSED_VARIABLE = YES;
				IPHONEOS_DEPLOYMENT_TARGET = 12.1;
				MTL_ENABLE_DEBUG_INFO = NO;
				MTL_FAST_MATH = YES;
				SDKROOT = iphoneos;
				SWIFT_COMPILATION_MODE = wholemodule;
				SWIFT_OPTIMIZATION_LEVEL = "-O";
				VALIDATE_PRODUCT = YES;
			};
			name = Release;
		};
		B1B1632C23CC3F9500A8038D /* Debug */ = {
			isa = XCBuildConfiguration;
			baseConfigurationReference = 439E1FA916E0FCEF793EE1D4 /* Pods-MovieApp.debug.xcconfig */;
			buildSettings = {
				ASSETCATALOG_COMPILER_APPICON_NAME = AppIcon;
				CODE_SIGN_STYLE = Automatic;
				DEVELOPMENT_TEAM = RGXRH8VCZG;
				INFOPLIST_FILE = MovieApp/Info.plist;
				LD_RUNPATH_SEARCH_PATHS = (
					"$(inherited)",
					"@executable_path/Frameworks",
				);
				PRODUCT_BUNDLE_IDENTIFIER = com.iOS.Demo.MovieApp;
				PRODUCT_NAME = "$(TARGET_NAME)";
				SWIFT_VERSION = 4.2;
				TARGETED_DEVICE_FAMILY = "1,2";
			};
			name = Debug;
		};
		B1B1632D23CC3F9500A8038D /* Release */ = {
			isa = XCBuildConfiguration;
			baseConfigurationReference = F9AEAC1ADDF1DA2E4A28C50D /* Pods-MovieApp.release.xcconfig */;
			buildSettings = {
				ASSETCATALOG_COMPILER_APPICON_NAME = AppIcon;
				CODE_SIGN_STYLE = Automatic;
				DEVELOPMENT_TEAM = RGXRH8VCZG;
				INFOPLIST_FILE = MovieApp/Info.plist;
				LD_RUNPATH_SEARCH_PATHS = (
					"$(inherited)",
					"@executable_path/Frameworks",
				);
				PRODUCT_BUNDLE_IDENTIFIER = com.iOS.Demo.MovieApp;
				PRODUCT_NAME = "$(TARGET_NAME)";
				SWIFT_VERSION = 4.2;
				TARGETED_DEVICE_FAMILY = "1,2";
			};
			name = Release;
		};
/* End XCBuildConfiguration section */

/* Begin XCConfigurationList section */
		B1B1631123CC3F9400A8038D /* Build configuration list for PBXProject "MovieApp" */ = {
			isa = XCConfigurationList;
			buildConfigurations = (
				B1B1632923CC3F9500A8038D /* Debug */,
				B1B1632A23CC3F9500A8038D /* Release */,
			);
			defaultConfigurationIsVisible = 0;
			defaultConfigurationName = Release;
		};
		B1B1632B23CC3F9500A8038D /* Build configuration list for PBXNativeTarget "MovieApp" */ = {
			isa = XCConfigurationList;
			buildConfigurations = (
				B1B1632C23CC3F9500A8038D /* Debug */,
				B1B1632D23CC3F9500A8038D /* Release */,
			);
			defaultConfigurationIsVisible = 0;
			defaultConfigurationName = Release;
		};
/* End XCConfigurationList section */

/* Begin XCVersionGroup section */
		B1B1632023CC3F9400A8038D /* MovieApp.xcdatamodeld */ = {
			isa = XCVersionGroup;
			children = (
				B1B1632123CC3F9400A8038D /* MovieApp.xcdatamodel */,
			);
			currentVersion = B1B1632123CC3F9400A8038D /* MovieApp.xcdatamodel */;
			path = MovieApp.xcdatamodeld;
			sourceTree = "<group>";
			versionGroupType = wrapper.xcdatamodel;
		};
/* End XCVersionGroup section */
	};
	rootObject = B1B1630E23CC3F9400A8038D /* Project object */;
}
